// !$*UTF8*$!
{
	archiveVersion = 1;
	classes = {
	};
	objectVersion = 56;
	objects = {

/* Begin PBXBuildFile section */
		701949482B44245000403FF2 /* TodoListTableCell.swift in Sources */ = {isa = PBXBuildFile; fileRef = 701949462B44245000403FF2 /* TodoListTableCell.swift */; };
		701949492B44245000403FF2 /* TodoListTableCell.xib in Resources */ = {isa = PBXBuildFile; fileRef = 701949472B44245000403FF2 /* TodoListTableCell.xib */; };
		7019494C2B4596A700403FF2 /* AddTodoView.swift in Sources */ = {isa = PBXBuildFile; fileRef = 7019494B2B4596A700403FF2 /* AddTodoView.swift */; };
		701949502B4596CB00403FF2 /* AddTodoViewController.swift in Sources */ = {isa = PBXBuildFile; fileRef = 7019494F2B4596CB00403FF2 /* AddTodoViewController.swift */; };
		702AD0862B760B1F00CFBF99 /* GoogleService-Info.plist in Resources */ = {isa = PBXBuildFile; fileRef = 702AD0852B760B1F00CFBF99 /* GoogleService-Info.plist */; };
		7098AC602B45C38400357848 /* AddTodoView.xib in Resources */ = {isa = PBXBuildFile; fileRef = 7098AC5F2B45C38400357848 /* AddTodoView.xib */; };
		7098AC852B518EA700357848 /* FirebaseAnalytics in Frameworks */ = {isa = PBXBuildFile; productRef = 7098AC842B518EA700357848 /* FirebaseAnalytics */; };
		7098AC872B518EA700357848 /* FirebaseAnalyticsOnDeviceConversion in Frameworks */ = {isa = PBXBuildFile; productRef = 7098AC862B518EA700357848 /* FirebaseAnalyticsOnDeviceConversion */; };
		7098AC892B518EA700357848 /* FirebaseAnalyticsSwift in Frameworks */ = {isa = PBXBuildFile; productRef = 7098AC882B518EA700357848 /* FirebaseAnalyticsSwift */; };
		7098AC8B2B518EA700357848 /* FirebaseAnalyticsWithoutAdIdSupport in Frameworks */ = {isa = PBXBuildFile; productRef = 7098AC8A2B518EA700357848 /* FirebaseAnalyticsWithoutAdIdSupport */; };
		7098AC8D2B518EA700357848 /* FirebaseAppCheck in Frameworks */ = {isa = PBXBuildFile; productRef = 7098AC8C2B518EA700357848 /* FirebaseAppCheck */; };
		7098AC8F2B518EA700357848 /* FirebaseAppDistribution-Beta in Frameworks */ = {isa = PBXBuildFile; productRef = 7098AC8E2B518EA700357848 /* FirebaseAppDistribution-Beta */; };
		7098AC912B518EA700357848 /* FirebaseAuth in Frameworks */ = {isa = PBXBuildFile; productRef = 7098AC902B518EA700357848 /* FirebaseAuth */; };
		7098AC932B518EA700357848 /* FirebaseAuthCombine-Community in Frameworks */ = {isa = PBXBuildFile; productRef = 7098AC922B518EA700357848 /* FirebaseAuthCombine-Community */; };
		7098AC952B518EA700357848 /* FirebaseCrashlytics in Frameworks */ = {isa = PBXBuildFile; productRef = 7098AC942B518EA700357848 /* FirebaseCrashlytics */; };
		7098AC972B518EA700357848 /* FirebaseDatabase in Frameworks */ = {isa = PBXBuildFile; productRef = 7098AC962B518EA700357848 /* FirebaseDatabase */; };
		7098AC992B518EA700357848 /* FirebaseDatabaseSwift in Frameworks */ = {isa = PBXBuildFile; productRef = 7098AC982B518EA700357848 /* FirebaseDatabaseSwift */; };
		7098AC9B2B518EA700357848 /* FirebaseDynamicLinks in Frameworks */ = {isa = PBXBuildFile; productRef = 7098AC9A2B518EA700357848 /* FirebaseDynamicLinks */; };
		7098AC9D2B518EA700357848 /* FirebaseFirestore in Frameworks */ = {isa = PBXBuildFile; productRef = 7098AC9C2B518EA700357848 /* FirebaseFirestore */; };
		7098AC9F2B518EA700357848 /* FirebaseFirestoreCombine-Community in Frameworks */ = {isa = PBXBuildFile; productRef = 7098AC9E2B518EA700357848 /* FirebaseFirestoreCombine-Community */; };
		7098ACA12B518EA700357848 /* FirebaseFirestoreSwift in Frameworks */ = {isa = PBXBuildFile; productRef = 7098ACA02B518EA700357848 /* FirebaseFirestoreSwift */; };
		7098ACA32B518EA700357848 /* FirebaseFunctions in Frameworks */ = {isa = PBXBuildFile; productRef = 7098ACA22B518EA700357848 /* FirebaseFunctions */; };
		7098ACA52B518EA700357848 /* FirebaseFunctionsCombine-Community in Frameworks */ = {isa = PBXBuildFile; productRef = 7098ACA42B518EA700357848 /* FirebaseFunctionsCombine-Community */; };
		7098ACA72B518EA700357848 /* FirebaseInAppMessaging-Beta in Frameworks */ = {isa = PBXBuildFile; productRef = 7098ACA62B518EA700357848 /* FirebaseInAppMessaging-Beta */; };
		7098ACA92B518EA700357848 /* FirebaseInAppMessagingSwift-Beta in Frameworks */ = {isa = PBXBuildFile; productRef = 7098ACA82B518EA700357848 /* FirebaseInAppMessagingSwift-Beta */; };
		7098ACAB2B518EA700357848 /* FirebaseInstallations in Frameworks */ = {isa = PBXBuildFile; productRef = 7098ACAA2B518EA700357848 /* FirebaseInstallations */; };
		7098ACAD2B518EA700357848 /* FirebaseMLModelDownloader in Frameworks */ = {isa = PBXBuildFile; productRef = 7098ACAC2B518EA700357848 /* FirebaseMLModelDownloader */; };
		7098ACAF2B518EA700357848 /* FirebaseMessaging in Frameworks */ = {isa = PBXBuildFile; productRef = 7098ACAE2B518EA700357848 /* FirebaseMessaging */; };
		7098ACB12B518EA700357848 /* FirebasePerformance in Frameworks */ = {isa = PBXBuildFile; productRef = 7098ACB02B518EA700357848 /* FirebasePerformance */; };
		7098ACB32B518EA700357848 /* FirebaseRemoteConfig in Frameworks */ = {isa = PBXBuildFile; productRef = 7098ACB22B518EA700357848 /* FirebaseRemoteConfig */; };
		7098ACB52B518EA700357848 /* FirebaseRemoteConfigSwift in Frameworks */ = {isa = PBXBuildFile; productRef = 7098ACB42B518EA700357848 /* FirebaseRemoteConfigSwift */; };
		7098ACB72B518EA700357848 /* FirebaseStorage in Frameworks */ = {isa = PBXBuildFile; productRef = 7098ACB62B518EA700357848 /* FirebaseStorage */; };
		7098ACB92B518EA700357848 /* FirebaseStorageCombine-Community in Frameworks */ = {isa = PBXBuildFile; productRef = 7098ACB82B518EA700357848 /* FirebaseStorageCombine-Community */; };
		7098ACC12B51975700357848 /* TodoRepository.swift in Sources */ = {isa = PBXBuildFile; fileRef = 7098ACC02B51975700357848 /* TodoRepository.swift */; };
		7098ACC32B51A38100357848 /* UserDefaultsTodoRepository.swift in Sources */ = {isa = PBXBuildFile; fileRef = 7098ACC22B51A38100357848 /* UserDefaultsTodoRepository.swift */; };
		7098ACC52B51A39E00357848 /* FirestoreTodoRepository.swift in Sources */ = {isa = PBXBuildFile; fileRef = 7098ACC42B51A39E00357848 /* FirestoreTodoRepository.swift */; };
		70ED9C642B2D2F4200F2D93B /* AppDelegate.swift in Sources */ = {isa = PBXBuildFile; fileRef = 70ED9C632B2D2F4200F2D93B /* AppDelegate.swift */; };
		70ED9C662B2D2F4200F2D93B /* SceneDelegate.swift in Sources */ = {isa = PBXBuildFile; fileRef = 70ED9C652B2D2F4200F2D93B /* SceneDelegate.swift */; };
		70ED9C682B2D2F4200F2D93B /* TodoListViewController.swift in Sources */ = {isa = PBXBuildFile; fileRef = 70ED9C672B2D2F4200F2D93B /* TodoListViewController.swift */; };
		70ED9C6D2B2D2F4300F2D93B /* Assets.xcassets in Resources */ = {isa = PBXBuildFile; fileRef = 70ED9C6C2B2D2F4300F2D93B /* Assets.xcassets */; };
		70ED9C702B2D2F4300F2D93B /* LaunchScreen.storyboard in Resources */ = {isa = PBXBuildFile; fileRef = 70ED9C6E2B2D2F4300F2D93B /* LaunchScreen.storyboard */; };
		70ED9C792B2D317E00F2D93B /* TodoModel.swift in Sources */ = {isa = PBXBuildFile; fileRef = 70ED9C782B2D317E00F2D93B /* TodoModel.swift */; };
		70ED9C9C2B3667BA00F2D93B /* TodoListModel.swift in Sources */ = {isa = PBXBuildFile; fileRef = 70ED9C9B2B3667BA00F2D93B /* TodoListModel.swift */; };
		70ED9CA02B36681000F2D93B /* TodoListView.swift in Sources */ = {isa = PBXBuildFile; fileRef = 70ED9C9F2B36681000F2D93B /* TodoListView.swift */; };
/* End PBXBuildFile section */

/* Begin PBXFileReference section */
		701949462B44245000403FF2 /* TodoListTableCell.swift */ = {isa = PBXFileReference; lastKnownFileType = sourcecode.swift; path = TodoListTableCell.swift; sourceTree = "<group>"; };
		701949472B44245000403FF2 /* TodoListTableCell.xib */ = {isa = PBXFileReference; lastKnownFileType = file.xib; path = TodoListTableCell.xib; sourceTree = "<group>"; };
		7019494B2B4596A700403FF2 /* AddTodoView.swift */ = {isa = PBXFileReference; lastKnownFileType = sourcecode.swift; path = AddTodoView.swift; sourceTree = "<group>"; };
		7019494F2B4596CB00403FF2 /* AddTodoViewController.swift */ = {isa = PBXFileReference; lastKnownFileType = sourcecode.swift; path = AddTodoViewController.swift; sourceTree = "<group>"; };
		702AD0852B760B1F00CFBF99 /* GoogleService-Info.plist */ = {isa = PBXFileReference; fileEncoding = 4; lastKnownFileType = text.plist.xml; path = "GoogleService-Info.plist"; sourceTree = "<group>"; };
		7098AC5F2B45C38400357848 /* AddTodoView.xib */ = {isa = PBXFileReference; lastKnownFileType = file.xib; path = AddTodoView.xib; sourceTree = "<group>"; };
		7098ACC02B51975700357848 /* TodoRepository.swift */ = {isa = PBXFileReference; lastKnownFileType = sourcecode.swift; path = TodoRepository.swift; sourceTree = "<group>"; };
		7098ACC22B51A38100357848 /* UserDefaultsTodoRepository.swift */ = {isa = PBXFileReference; lastKnownFileType = sourcecode.swift; path = UserDefaultsTodoRepository.swift; sourceTree = "<group>"; };
		7098ACC42B51A39E00357848 /* FirestoreTodoRepository.swift */ = {isa = PBXFileReference; lastKnownFileType = sourcecode.swift; path = FirestoreTodoRepository.swift; sourceTree = "<group>"; };
		70ED9C602B2D2F4200F2D93B /* Todo.app */ = {isa = PBXFileReference; explicitFileType = wrapper.application; includeInIndex = 0; path = Todo.app; sourceTree = BUILT_PRODUCTS_DIR; };
		70ED9C632B2D2F4200F2D93B /* AppDelegate.swift */ = {isa = PBXFileReference; lastKnownFileType = sourcecode.swift; path = AppDelegate.swift; sourceTree = "<group>"; };
		70ED9C652B2D2F4200F2D93B /* SceneDelegate.swift */ = {isa = PBXFileReference; lastKnownFileType = sourcecode.swift; path = SceneDelegate.swift; sourceTree = "<group>"; };
		70ED9C672B2D2F4200F2D93B /* TodoListViewController.swift */ = {isa = PBXFileReference; lastKnownFileType = sourcecode.swift; path = TodoListViewController.swift; sourceTree = "<group>"; };
		70ED9C6C2B2D2F4300F2D93B /* Assets.xcassets */ = {isa = PBXFileReference; lastKnownFileType = folder.assetcatalog; path = Assets.xcassets; sourceTree = "<group>"; };
		70ED9C6F2B2D2F4300F2D93B /* Base */ = {isa = PBXFileReference; lastKnownFileType = file.storyboard; name = Base; path = Base.lproj/LaunchScreen.storyboard; sourceTree = "<group>"; };
		70ED9C712B2D2F4300F2D93B /* Info.plist */ = {isa = PBXFileReference; lastKnownFileType = text.plist.xml; path = Info.plist; sourceTree = "<group>"; };
		70ED9C782B2D317E00F2D93B /* TodoModel.swift */ = {isa = PBXFileReference; lastKnownFileType = sourcecode.swift; path = TodoModel.swift; sourceTree = "<group>"; };
		70ED9C9B2B3667BA00F2D93B /* TodoListModel.swift */ = {isa = PBXFileReference; lastKnownFileType = sourcecode.swift; path = TodoListModel.swift; sourceTree = "<group>"; };
		70ED9C9F2B36681000F2D93B /* TodoListView.swift */ = {isa = PBXFileReference; lastKnownFileType = sourcecode.swift; path = TodoListView.swift; sourceTree = "<group>"; };
/* End PBXFileReference section */

/* Begin PBXFrameworksBuildPhase section */
		70ED9C5D2B2D2F4200F2D93B /* Frameworks */ = {
			isa = PBXFrameworksBuildPhase;
			buildActionMask = 2147483647;
			files = (
				7098AC972B518EA700357848 /* FirebaseDatabase in Frameworks */,
				7098ACA52B518EA700357848 /* FirebaseFunctionsCombine-Community in Frameworks */,
				7098AC9D2B518EA700357848 /* FirebaseFirestore in Frameworks */,
				7098AC892B518EA700357848 /* FirebaseAnalyticsSwift in Frameworks */,
				7098AC852B518EA700357848 /* FirebaseAnalytics in Frameworks */,
				7098AC872B518EA700357848 /* FirebaseAnalyticsOnDeviceConversion in Frameworks */,
				7098ACAD2B518EA700357848 /* FirebaseMLModelDownloader in Frameworks */,
				7098ACA12B518EA700357848 /* FirebaseFirestoreSwift in Frameworks */,
				7098AC8D2B518EA700357848 /* FirebaseAppCheck in Frameworks */,
				7098AC8B2B518EA700357848 /* FirebaseAnalyticsWithoutAdIdSupport in Frameworks */,
				7098AC912B518EA700357848 /* FirebaseAuth in Frameworks */,
				7098AC952B518EA700357848 /* FirebaseCrashlytics in Frameworks */,
				7098ACB52B518EA700357848 /* FirebaseRemoteConfigSwift in Frameworks */,
				7098ACA72B518EA700357848 /* FirebaseInAppMessaging-Beta in Frameworks */,
				7098AC992B518EA700357848 /* FirebaseDatabaseSwift in Frameworks */,
				7098ACA32B518EA700357848 /* FirebaseFunctions in Frameworks */,
				7098ACB92B518EA700357848 /* FirebaseStorageCombine-Community in Frameworks */,
				7098ACB32B518EA700357848 /* FirebaseRemoteConfig in Frameworks */,
				7098AC8F2B518EA700357848 /* FirebaseAppDistribution-Beta in Frameworks */,
				7098AC932B518EA700357848 /* FirebaseAuthCombine-Community in Frameworks */,
				7098ACB12B518EA700357848 /* FirebasePerformance in Frameworks */,
				7098ACA92B518EA700357848 /* FirebaseInAppMessagingSwift-Beta in Frameworks */,
				7098ACB72B518EA700357848 /* FirebaseStorage in Frameworks */,
				7098AC9B2B518EA700357848 /* FirebaseDynamicLinks in Frameworks */,
				7098AC9F2B518EA700357848 /* FirebaseFirestoreCombine-Community in Frameworks */,
				7098ACAF2B518EA700357848 /* FirebaseMessaging in Frameworks */,
				7098ACAB2B518EA700357848 /* FirebaseInstallations in Frameworks */,
			);
			runOnlyForDeploymentPostprocessing = 0;
		};
/* End PBXFrameworksBuildPhase section */

/* Begin PBXGroup section */
		701949452B441E5B00403FF2 /* Model */ = {
			isa = PBXGroup;
			children = (
				70ED9C9B2B3667BA00F2D93B /* TodoListModel.swift */,
				70ED9C782B2D317E00F2D93B /* TodoModel.swift */,
				7098ACC02B51975700357848 /* TodoRepository.swift */,
				7098ACC22B51A38100357848 /* UserDefaultsTodoRepository.swift */,
				7098ACC42B51A39E00357848 /* FirestoreTodoRepository.swift */,
			);
			path = Model;
			sourceTree = "<group>";
		};
		7019494A2B45969400403FF2 /* AddTodo */ = {
			isa = PBXGroup;
			children = (
				7019494B2B4596A700403FF2 /* AddTodoView.swift */,
				7098AC5F2B45C38400357848 /* AddTodoView.xib */,
				7019494F2B4596CB00403FF2 /* AddTodoViewController.swift */,
			);
			path = AddTodo;
			sourceTree = "<group>";
		};
		70ED9C572B2D2F4200F2D93B = {
			isa = PBXGroup;
			children = (
				70ED9C622B2D2F4200F2D93B /* Todo */,
				70ED9C612B2D2F4200F2D93B /* Products */,
			);
			sourceTree = "<group>";
		};
		70ED9C612B2D2F4200F2D93B /* Products */ = {
			isa = PBXGroup;
			children = (
				70ED9C602B2D2F4200F2D93B /* Todo.app */,
			);
			name = Products;
			sourceTree = "<group>";
		};
		70ED9C622B2D2F4200F2D93B /* Todo */ = {
			isa = PBXGroup;
			children = (
				70ED9C632B2D2F4200F2D93B /* AppDelegate.swift */,
				70ED9C652B2D2F4200F2D93B /* SceneDelegate.swift */,
				7019494A2B45969400403FF2 /* AddTodo */,
				701949452B441E5B00403FF2 /* Model */,
				70ED9C9A2B36679200F2D93B /* TodoList */,
				70ED9C6C2B2D2F4300F2D93B /* Assets.xcassets */,
				70ED9C6E2B2D2F4300F2D93B /* LaunchScreen.storyboard */,
				70ED9C712B2D2F4300F2D93B /* Info.plist */,
				702AD0852B760B1F00CFBF99 /* GoogleService-Info.plist */,
			);
			path = Todo;
			sourceTree = "<group>";
		};
		70ED9C9A2B36679200F2D93B /* TodoList */ = {
			isa = PBXGroup;
			children = (
				70ED9C672B2D2F4200F2D93B /* TodoListViewController.swift */,
				70ED9C9F2B36681000F2D93B /* TodoListView.swift */,
				701949462B44245000403FF2 /* TodoListTableCell.swift */,
				701949472B44245000403FF2 /* TodoListTableCell.xib */,
			);
			path = TodoList;
			sourceTree = "<group>";
		};
/* End PBXGroup section */

/* Begin PBXNativeTarget section */
		70ED9C5F2B2D2F4200F2D93B /* Todo */ = {
			isa = PBXNativeTarget;
			buildConfigurationList = 70ED9C742B2D2F4300F2D93B /* Build configuration list for PBXNativeTarget "Todo" */;
			buildPhases = (
				70ED9C5C2B2D2F4200F2D93B /* Sources */,
				70ED9C5D2B2D2F4200F2D93B /* Frameworks */,
				70ED9C5E2B2D2F4200F2D93B /* Resources */,
			);
			buildRules = (
			);
			dependencies = (
			);
			name = Todo;
			packageProductDependencies = (
				7098AC842B518EA700357848 /* FirebaseAnalytics */,
				7098AC862B518EA700357848 /* FirebaseAnalyticsOnDeviceConversion */,
				7098AC882B518EA700357848 /* FirebaseAnalyticsSwift */,
				7098AC8A2B518EA700357848 /* FirebaseAnalyticsWithoutAdIdSupport */,
				7098AC8C2B518EA700357848 /* FirebaseAppCheck */,
				7098AC8E2B518EA700357848 /* FirebaseAppDistribution-Beta */,
				7098AC902B518EA700357848 /* FirebaseAuth */,
				7098AC922B518EA700357848 /* FirebaseAuthCombine-Community */,
				7098AC942B518EA700357848 /* FirebaseCrashlytics */,
				7098AC962B518EA700357848 /* FirebaseDatabase */,
				7098AC982B518EA700357848 /* FirebaseDatabaseSwift */,
				7098AC9A2B518EA700357848 /* FirebaseDynamicLinks */,
				7098AC9C2B518EA700357848 /* FirebaseFirestore */,
				7098AC9E2B518EA700357848 /* FirebaseFirestoreCombine-Community */,
				7098ACA02B518EA700357848 /* FirebaseFirestoreSwift */,
				7098ACA22B518EA700357848 /* FirebaseFunctions */,
				7098ACA42B518EA700357848 /* FirebaseFunctionsCombine-Community */,
				7098ACA62B518EA700357848 /* FirebaseInAppMessaging-Beta */,
				7098ACA82B518EA700357848 /* FirebaseInAppMessagingSwift-Beta */,
				7098ACAA2B518EA700357848 /* FirebaseInstallations */,
				7098ACAC2B518EA700357848 /* FirebaseMLModelDownloader */,
				7098ACAE2B518EA700357848 /* FirebaseMessaging */,
				7098ACB02B518EA700357848 /* FirebasePerformance */,
				7098ACB22B518EA700357848 /* FirebaseRemoteConfig */,
				7098ACB42B518EA700357848 /* FirebaseRemoteConfigSwift */,
				7098ACB62B518EA700357848 /* FirebaseStorage */,
				7098ACB82B518EA700357848 /* FirebaseStorageCombine-Community */,
			);
			productName = Todo;
			productReference = 70ED9C602B2D2F4200F2D93B /* Todo.app */;
			productType = "com.apple.product-type.application";
		};
/* End PBXNativeTarget section */

/* Begin PBXProject section */
		70ED9C582B2D2F4200F2D93B /* Project object */ = {
			isa = PBXProject;
			attributes = {
				BuildIndependentTargetsInParallel = 1;
				LastSwiftUpdateCheck = 1500;
				LastUpgradeCheck = 1500;
				TargetAttributes = {
					70ED9C5F2B2D2F4200F2D93B = {
						CreatedOnToolsVersion = 15.0;
					};
				};
			};
			buildConfigurationList = 70ED9C5B2B2D2F4200F2D93B /* Build configuration list for PBXProject "Todo" */;
			compatibilityVersion = "Xcode 14.0";
			developmentRegion = en;
			hasScannedForEncodings = 0;
			knownRegions = (
				en,
				Base,
			);
			mainGroup = 70ED9C572B2D2F4200F2D93B;
			packageReferences = (
				7098AC832B518EA700357848 /* XCRemoteSwiftPackageReference "firebase-ios-sdk" */,
			);
			productRefGroup = 70ED9C612B2D2F4200F2D93B /* Products */;
			projectDirPath = "";
			projectRoot = "";
			targets = (
				70ED9C5F2B2D2F4200F2D93B /* Todo */,
			);
		};
/* End PBXProject section */

/* Begin PBXResourcesBuildPhase section */
		70ED9C5E2B2D2F4200F2D93B /* Resources */ = {
			isa = PBXResourcesBuildPhase;
			buildActionMask = 2147483647;
			files = (
				701949492B44245000403FF2 /* TodoListTableCell.xib in Resources */,
				70ED9C702B2D2F4300F2D93B /* LaunchScreen.storyboard in Resources */,
				70ED9C6D2B2D2F4300F2D93B /* Assets.xcassets in Resources */,
				7098AC602B45C38400357848 /* AddTodoView.xib in Resources */,
				702AD0862B760B1F00CFBF99 /* GoogleService-Info.plist in Resources */,
			);
			runOnlyForDeploymentPostprocessing = 0;
		};
/* End PBXResourcesBuildPhase section */

/* Begin PBXSourcesBuildPhase section */
		70ED9C5C2B2D2F4200F2D93B /* Sources */ = {
			isa = PBXSourcesBuildPhase;
			buildActionMask = 2147483647;
			files = (
				70ED9C9C2B3667BA00F2D93B /* TodoListModel.swift in Sources */,
				701949482B44245000403FF2 /* TodoListTableCell.swift in Sources */,
				70ED9C682B2D2F4200F2D93B /* TodoListViewController.swift in Sources */,
				70ED9CA02B36681000F2D93B /* TodoListView.swift in Sources */,
				701949502B4596CB00403FF2 /* AddTodoViewController.swift in Sources */,
				7098ACC12B51975700357848 /* TodoRepository.swift in Sources */,
				70ED9C792B2D317E00F2D93B /* TodoModel.swift in Sources */,
				7098ACC32B51A38100357848 /* UserDefaultsTodoRepository.swift in Sources */,
				70ED9C642B2D2F4200F2D93B /* AppDelegate.swift in Sources */,
				7098ACC52B51A39E00357848 /* FirestoreTodoRepository.swift in Sources */,
				7019494C2B4596A700403FF2 /* AddTodoView.swift in Sources */,
				70ED9C662B2D2F4200F2D93B /* SceneDelegate.swift in Sources */,
			);
			runOnlyForDeploymentPostprocessing = 0;
		};
/* End PBXSourcesBuildPhase section */

/* Begin PBXVariantGroup section */
		70ED9C6E2B2D2F4300F2D93B /* LaunchScreen.storyboard */ = {
			isa = PBXVariantGroup;
			children = (
				70ED9C6F2B2D2F4300F2D93B /* Base */,
			);
			name = LaunchScreen.storyboard;
			sourceTree = "<group>";
		};
/* End PBXVariantGroup section */

/* Begin XCBuildConfiguration section */
		70ED9C722B2D2F4300F2D93B /* Debug */ = {
			isa = XCBuildConfiguration;
			buildSettings = {
				ALWAYS_SEARCH_USER_PATHS = NO;
				ASSETCATALOG_COMPILER_GENERATE_SWIFT_ASSET_SYMBOL_EXTENSIONS = YES;
				CLANG_ANALYZER_NONNULL = YES;
				CLANG_ANALYZER_NUMBER_OBJECT_CONVERSION = YES_AGGRESSIVE;
				CLANG_CXX_LANGUAGE_STANDARD = "gnu++20";
				CLANG_ENABLE_MODULES = YES;
				CLANG_ENABLE_OBJC_ARC = YES;
				CLANG_ENABLE_OBJC_WEAK = YES;
				CLANG_WARN_BLOCK_CAPTURE_AUTORELEASING = YES;
				CLANG_WARN_BOOL_CONVERSION = YES;
				CLANG_WARN_COMMA = YES;
				CLANG_WARN_CONSTANT_CONVERSION = YES;
				CLANG_WARN_DEPRECATED_OBJC_IMPLEMENTATIONS = YES;
				CLANG_WARN_DIRECT_OBJC_ISA_USAGE = YES_ERROR;
				CLANG_WARN_DOCUMENTATION_COMMENTS = YES;
				CLANG_WARN_EMPTY_BODY = YES;
				CLANG_WARN_ENUM_CONVERSION = YES;
				CLANG_WARN_INFINITE_RECURSION = YES;
				CLANG_WARN_INT_CONVERSION = YES;
				CLANG_WARN_NON_LITERAL_NULL_CONVERSION = YES;
				CLANG_WARN_OBJC_IMPLICIT_RETAIN_SELF = YES;
				CLANG_WARN_OBJC_LITERAL_CONVERSION = YES;
				CLANG_WARN_OBJC_ROOT_CLASS = YES_ERROR;
				CLANG_WARN_QUOTED_INCLUDE_IN_FRAMEWORK_HEADER = YES;
				CLANG_WARN_RANGE_LOOP_ANALYSIS = YES;
				CLANG_WARN_STRICT_PROTOTYPES = YES;
				CLANG_WARN_SUSPICIOUS_MOVE = YES;
				CLANG_WARN_UNGUARDED_AVAILABILITY = YES_AGGRESSIVE;
				CLANG_WARN_UNREACHABLE_CODE = YES;
				CLANG_WARN__DUPLICATE_METHOD_MATCH = YES;
				COPY_PHASE_STRIP = NO;
				DEBUG_INFORMATION_FORMAT = dwarf;
				ENABLE_STRICT_OBJC_MSGSEND = YES;
				ENABLE_TESTABILITY = YES;
				ENABLE_USER_SCRIPT_SANDBOXING = YES;
				GCC_C_LANGUAGE_STANDARD = gnu17;
				GCC_DYNAMIC_NO_PIC = NO;
				GCC_NO_COMMON_BLOCKS = YES;
				GCC_OPTIMIZATION_LEVEL = 0;
				GCC_PREPROCESSOR_DEFINITIONS = (
					"DEBUG=1",
					"$(inherited)",
				);
				GCC_WARN_64_TO_32_BIT_CONVERSION = YES;
				GCC_WARN_ABOUT_RETURN_TYPE = YES_ERROR;
				GCC_WARN_UNDECLARED_SELECTOR = YES;
				GCC_WARN_UNINITIALIZED_AUTOS = YES_AGGRESSIVE;
				GCC_WARN_UNUSED_FUNCTION = YES;
				GCC_WARN_UNUSED_VARIABLE = YES;
				IPHONEOS_DEPLOYMENT_TARGET = 17.0;
				LOCALIZATION_PREFERS_STRING_CATALOGS = YES;
				MTL_ENABLE_DEBUG_INFO = INCLUDE_SOURCE;
				MTL_FAST_MATH = YES;
				ONLY_ACTIVE_ARCH = YES;
				SDKROOT = iphoneos;
				SWIFT_ACTIVE_COMPILATION_CONDITIONS = "DEBUG $(inherited)";
				SWIFT_OPTIMIZATION_LEVEL = "-Onone";
			};
			name = Debug;
		};
		70ED9C732B2D2F4300F2D93B /* Release */ = {
			isa = XCBuildConfiguration;
			buildSettings = {
				ALWAYS_SEARCH_USER_PATHS = NO;
				ASSETCATALOG_COMPILER_GENERATE_SWIFT_ASSET_SYMBOL_EXTENSIONS = YES;
				CLANG_ANALYZER_NONNULL = YES;
				CLANG_ANALYZER_NUMBER_OBJECT_CONVERSION = YES_AGGRESSIVE;
				CLANG_CXX_LANGUAGE_STANDARD = "gnu++20";
				CLANG_ENABLE_MODULES = YES;
				CLANG_ENABLE_OBJC_ARC = YES;
				CLANG_ENABLE_OBJC_WEAK = YES;
				CLANG_WARN_BLOCK_CAPTURE_AUTORELEASING = YES;
				CLANG_WARN_BOOL_CONVERSION = YES;
				CLANG_WARN_COMMA = YES;
				CLANG_WARN_CONSTANT_CONVERSION = YES;
				CLANG_WARN_DEPRECATED_OBJC_IMPLEMENTATIONS = YES;
				CLANG_WARN_DIRECT_OBJC_ISA_USAGE = YES_ERROR;
				CLANG_WARN_DOCUMENTATION_COMMENTS = YES;
				CLANG_WARN_EMPTY_BODY = YES;
				CLANG_WARN_ENUM_CONVERSION = YES;
				CLANG_WARN_INFINITE_RECURSION = YES;
				CLANG_WARN_INT_CONVERSION = YES;
				CLANG_WARN_NON_LITERAL_NULL_CONVERSION = YES;
				CLANG_WARN_OBJC_IMPLICIT_RETAIN_SELF = YES;
				CLANG_WARN_OBJC_LITERAL_CONVERSION = YES;
				CLANG_WARN_OBJC_ROOT_CLASS = YES_ERROR;
				CLANG_WARN_QUOTED_INCLUDE_IN_FRAMEWORK_HEADER = YES;
				CLANG_WARN_RANGE_LOOP_ANALYSIS = YES;
				CLANG_WARN_STRICT_PROTOTYPES = YES;
				CLANG_WARN_SUSPICIOUS_MOVE = YES;
				CLANG_WARN_UNGUARDED_AVAILABILITY = YES_AGGRESSIVE;
				CLANG_WARN_UNREACHABLE_CODE = YES;
				CLANG_WARN__DUPLICATE_METHOD_MATCH = YES;
				COPY_PHASE_STRIP = NO;
				DEBUG_INFORMATION_FORMAT = "dwarf-with-dsym";
				ENABLE_NS_ASSERTIONS = NO;
				ENABLE_STRICT_OBJC_MSGSEND = YES;
				ENABLE_USER_SCRIPT_SANDBOXING = YES;
				GCC_C_LANGUAGE_STANDARD = gnu17;
				GCC_NO_COMMON_BLOCKS = YES;
				GCC_WARN_64_TO_32_BIT_CONVERSION = YES;
				GCC_WARN_ABOUT_RETURN_TYPE = YES_ERROR;
				GCC_WARN_UNDECLARED_SELECTOR = YES;
				GCC_WARN_UNINITIALIZED_AUTOS = YES_AGGRESSIVE;
				GCC_WARN_UNUSED_FUNCTION = YES;
				GCC_WARN_UNUSED_VARIABLE = YES;
				IPHONEOS_DEPLOYMENT_TARGET = 17.0;
				LOCALIZATION_PREFERS_STRING_CATALOGS = YES;
				MTL_ENABLE_DEBUG_INFO = NO;
				MTL_FAST_MATH = YES;
				SDKROOT = iphoneos;
				SWIFT_COMPILATION_MODE = wholemodule;
				VALIDATE_PRODUCT = YES;
			};
			name = Release;
		};
		70ED9C752B2D2F4300F2D93B /* Debug */ = {
			isa = XCBuildConfiguration;
			buildSettings = {
				ASSETCATALOG_COMPILER_APPICON_NAME = AppIcon;
				ASSETCATALOG_COMPILER_GLOBAL_ACCENT_COLOR_NAME = AccentColor;
				CODE_SIGN_STYLE = Automatic;
				CURRENT_PROJECT_VERSION = 1;
				DEVELOPMENT_TEAM = JDLFM5MXDU;
				GENERATE_INFOPLIST_FILE = YES;
				INFOPLIST_FILE = Todo/Info.plist;
				INFOPLIST_KEY_UIApplicationSupportsIndirectInputEvents = YES;
				INFOPLIST_KEY_UILaunchStoryboardName = LaunchScreen;
				INFOPLIST_KEY_UIMainStoryboardFile = "";
				INFOPLIST_KEY_UISupportedInterfaceOrientations_iPad = "UIInterfaceOrientationPortrait UIInterfaceOrientationPortraitUpsideDown UIInterfaceOrientationLandscapeLeft UIInterfaceOrientationLandscapeRight";
				INFOPLIST_KEY_UISupportedInterfaceOrientations_iPhone = "UIInterfaceOrientationPortrait UIInterfaceOrientationLandscapeLeft UIInterfaceOrientationLandscapeRight";
				LD_RUNPATH_SEARCH_PATHS = (
					"$(inherited)",
					"@executable_path/Frameworks",
				);
				MARKETING_VERSION = 1.0;
				PRODUCT_BUNDLE_IDENTIFIER = com.example.Todo;
				PRODUCT_NAME = "$(TARGET_NAME)";
				SWIFT_EMIT_LOC_STRINGS = YES;
				SWIFT_VERSION = 5.0;
				TARGETED_DEVICE_FAMILY = "1,2";
			};
			name = Debug;
		};
		70ED9C762B2D2F4300F2D93B /* Release */ = {
			isa = XCBuildConfiguration;
			buildSettings = {
				ASSETCATALOG_COMPILER_APPICON_NAME = AppIcon;
				ASSETCATALOG_COMPILER_GLOBAL_ACCENT_COLOR_NAME = AccentColor;
				CODE_SIGN_STYLE = Automatic;
				CURRENT_PROJECT_VERSION = 1;
				DEVELOPMENT_TEAM = JDLFM5MXDU;
				GENERATE_INFOPLIST_FILE = YES;
				INFOPLIST_FILE = Todo/Info.plist;
				INFOPLIST_KEY_UIApplicationSupportsIndirectInputEvents = YES;
				INFOPLIST_KEY_UILaunchStoryboardName = LaunchScreen;
				INFOPLIST_KEY_UIMainStoryboardFile = "";
				INFOPLIST_KEY_UISupportedInterfaceOrientations_iPad = "UIInterfaceOrientationPortrait UIInterfaceOrientationPortraitUpsideDown UIInterfaceOrientationLandscapeLeft UIInterfaceOrientationLandscapeRight";
				INFOPLIST_KEY_UISupportedInterfaceOrientations_iPhone = "UIInterfaceOrientationPortrait UIInterfaceOrientationLandscapeLeft UIInterfaceOrientationLandscapeRight";
				LD_RUNPATH_SEARCH_PATHS = (
					"$(inherited)",
					"@executable_path/Frameworks",
				);
				MARKETING_VERSION = 1.0;
				PRODUCT_BUNDLE_IDENTIFIER = com.example.Todo;
				PRODUCT_NAME = "$(TARGET_NAME)";
				SWIFT_EMIT_LOC_STRINGS = YES;
				SWIFT_VERSION = 5.0;
				TARGETED_DEVICE_FAMILY = "1,2";
			};
			name = Release;
		};
/* End XCBuildConfiguration section */

/* Begin XCConfigurationList section */
		70ED9C5B2B2D2F4200F2D93B /* Build configuration list for PBXProject "Todo" */ = {
			isa = XCConfigurationList;
			buildConfigurations = (
				70ED9C722B2D2F4300F2D93B /* Debug */,
				70ED9C732B2D2F4300F2D93B /* Release */,
			);
			defaultConfigurationIsVisible = 0;
			defaultConfigurationName = Release;
		};
		70ED9C742B2D2F4300F2D93B /* Build configuration list for PBXNativeTarget "Todo" */ = {
			isa = XCConfigurationList;
			buildConfigurations = (
				70ED9C752B2D2F4300F2D93B /* Debug */,
				70ED9C762B2D2F4300F2D93B /* Release */,
			);
			defaultConfigurationIsVisible = 0;
			defaultConfigurationName = Release;
		};
/* End XCConfigurationList section */

/* Begin XCRemoteSwiftPackageReference section */
		7098AC832B518EA700357848 /* XCRemoteSwiftPackageReference "firebase-ios-sdk" */ = {
			isa = XCRemoteSwiftPackageReference;
			repositoryURL = "https://github.com/firebase/firebase-ios-sdk";
			requirement = {
				kind = upToNextMajorVersion;
				minimumVersion = 10.19.1;
			};
		};
/* End XCRemoteSwiftPackageReference section */

/* Begin XCSwiftPackageProductDependency section */
		7098AC842B518EA700357848 /* FirebaseAnalytics */ = {
			isa = XCSwiftPackageProductDependency;
			package = 7098AC832B518EA700357848 /* XCRemoteSwiftPackageReference "firebase-ios-sdk" */;
			productName = FirebaseAnalytics;
		};
		7098AC862B518EA700357848 /* FirebaseAnalyticsOnDeviceConversion */ = {
			isa = XCSwiftPackageProductDependency;
			package = 7098AC832B518EA700357848 /* XCRemoteSwiftPackageReference "firebase-ios-sdk" */;
			productName = FirebaseAnalyticsOnDeviceConversion;
		};
		7098AC882B518EA700357848 /* FirebaseAnalyticsSwift */ = {
			isa = XCSwiftPackageProductDependency;
			package = 7098AC832B518EA700357848 /* XCRemoteSwiftPackageReference "firebase-ios-sdk" */;
			productName = FirebaseAnalyticsSwift;
		};
		7098AC8A2B518EA700357848 /* FirebaseAnalyticsWithoutAdIdSupport */ = {
			isa = XCSwiftPackageProductDependency;
			package = 7098AC832B518EA700357848 /* XCRemoteSwiftPackageReference "firebase-ios-sdk" */;
			productName = FirebaseAnalyticsWithoutAdIdSupport;
		};
		7098AC8C2B518EA700357848 /* FirebaseAppCheck */ = {
			isa = XCSwiftPackageProductDependency;
			package = 7098AC832B518EA700357848 /* XCRemoteSwiftPackageReference "firebase-ios-sdk" */;
			productName = FirebaseAppCheck;
		};
		7098AC8E2B518EA700357848 /* FirebaseAppDistribution-Beta */ = {
			isa = XCSwiftPackageProductDependency;
			package = 7098AC832B518EA700357848 /* XCRemoteSwiftPackageReference "firebase-ios-sdk" */;
			productName = "FirebaseAppDistribution-Beta";
		};
		7098AC902B518EA700357848 /* FirebaseAuth */ = {
			isa = XCSwiftPackageProductDependency;
			package = 7098AC832B518EA700357848 /* XCRemoteSwiftPackageReference "firebase-ios-sdk" */;
			productName = FirebaseAuth;
		};
		7098AC922B518EA700357848 /* FirebaseAuthCombine-Community */ = {
			isa = XCSwiftPackageProductDependency;
			package = 7098AC832B518EA700357848 /* XCRemoteSwiftPackageReference "firebase-ios-sdk" */;
			productName = "FirebaseAuthCombine-Community";
		};
		7098AC942B518EA700357848 /* FirebaseCrashlytics */ = {
			isa = XCSwiftPackageProductDependency;
			package = 7098AC832B518EA700357848 /* XCRemoteSwiftPackageReference "firebase-ios-sdk" */;
			productName = FirebaseCrashlytics;
		};
		7098AC962B518EA700357848 /* FirebaseDatabase */ = {
			isa = XCSwiftPackageProductDependency;
			package = 7098AC832B518EA700357848 /* XCRemoteSwiftPackageReference "firebase-ios-sdk" */;
			productName = FirebaseDatabase;
		};
		7098AC982B518EA700357848 /* FirebaseDatabaseSwift */ = {
			isa = XCSwiftPackageProductDependency;
			package = 7098AC832B518EA700357848 /* XCRemoteSwiftPackageReference "firebase-ios-sdk" */;
			productName = FirebaseDatabaseSwift;
		};
		7098AC9A2B518EA700357848 /* FirebaseDynamicLinks */ = {
			isa = XCSwiftPackageProductDependency;
			package = 7098AC832B518EA700357848 /* XCRemoteSwiftPackageReference "firebase-ios-sdk" */;
			productName = FirebaseDynamicLinks;
		};
		7098AC9C2B518EA700357848 /* FirebaseFirestore */ = {
			isa = XCSwiftPackageProductDependency;
			package = 7098AC832B518EA700357848 /* XCRemoteSwiftPackageReference "firebase-ios-sdk" */;
			productName = FirebaseFirestore;
		};
		7098AC9E2B518EA700357848 /* FirebaseFirestoreCombine-Community */ = {
			isa = XCSwiftPackageProductDependency;
			package = 7098AC832B518EA700357848 /* XCRemoteSwiftPackageReference "firebase-ios-sdk" */;
			productName = "FirebaseFirestoreCombine-Community";
		};
		7098ACA02B518EA700357848 /* FirebaseFirestoreSwift */ = {
			isa = XCSwiftPackageProductDependency;
			package = 7098AC832B518EA700357848 /* XCRemoteSwiftPackageReference "firebase-ios-sdk" */;
			productName = FirebaseFirestoreSwift;
		};
		7098ACA22B518EA700357848 /* FirebaseFunctions */ = {
			isa = XCSwiftPackageProductDependency;
			package = 7098AC832B518EA700357848 /* XCRemoteSwiftPackageReference "firebase-ios-sdk" */;
			productName = FirebaseFunctions;
		};
		7098ACA42B518EA700357848 /* FirebaseFunctionsCombine-Community */ = {
			isa = XCSwiftPackageProductDependency;
			package = 7098AC832B518EA700357848 /* XCRemoteSwiftPackageReference "firebase-ios-sdk" */;
			productName = "FirebaseFunctionsCombine-Community";
		};
		7098ACA62B518EA700357848 /* FirebaseInAppMessaging-Beta */ = {
			isa = XCSwiftPackageProductDependency;
			package = 7098AC832B518EA700357848 /* XCRemoteSwiftPackageReference "firebase-ios-sdk" */;
			productName = "FirebaseInAppMessaging-Beta";
		};
		7098ACA82B518EA700357848 /* FirebaseInAppMessagingSwift-Beta */ = {
			isa = XCSwiftPackageProductDependency;
			package = 7098AC832B518EA700357848 /* XCRemoteSwiftPackageReference "firebase-ios-sdk" */;
			productName = "FirebaseInAppMessagingSwift-Beta";
		};
		7098ACAA2B518EA700357848 /* FirebaseInstallations */ = {
			isa = XCSwiftPackageProductDependency;
			package = 7098AC832B518EA700357848 /* XCRemoteSwiftPackageReference "firebase-ios-sdk" */;
			productName = FirebaseInstallations;
		};
		7098ACAC2B518EA700357848 /* FirebaseMLModelDownloader */ = {
			isa = XCSwiftPackageProductDependency;
			package = 7098AC832B518EA700357848 /* XCRemoteSwiftPackageReference "firebase-ios-sdk" */;
			productName = FirebaseMLModelDownloader;
		};
		7098ACAE2B518EA700357848 /* FirebaseMessaging */ = {
			isa = XCSwiftPackageProductDependency;
			package = 7098AC832B518EA700357848 /* XCRemoteSwiftPackageReference "firebase-ios-sdk" */;
			productName = FirebaseMessaging;
		};
		7098ACB02B518EA700357848 /* FirebasePerformance */ = {
			isa = XCSwiftPackageProductDependency;
			package = 7098AC832B518EA700357848 /* XCRemoteSwiftPackageReference "firebase-ios-sdk" */;
			productName = FirebasePerformance;
		};
		7098ACB22B518EA700357848 /* FirebaseRemoteConfig */ = {
			isa = XCSwiftPackageProductDependency;
			package = 7098AC832B518EA700357848 /* XCRemoteSwiftPackageReference "firebase-ios-sdk" */;
			productName = FirebaseRemoteConfig;
		};
		7098ACB42B518EA700357848 /* FirebaseRemoteConfigSwift */ = {
			isa = XCSwiftPackageProductDependency;
			package = 7098AC832B518EA700357848 /* XCRemoteSwiftPackageReference "firebase-ios-sdk" */;
			productName = FirebaseRemoteConfigSwift;
		};
		7098ACB62B518EA700357848 /* FirebaseStorage */ = {
			isa = XCSwiftPackageProductDependency;
			package = 7098AC832B518EA700357848 /* XCRemoteSwiftPackageReference "firebase-ios-sdk" */;
			productName = FirebaseStorage;
		};
		7098ACB82B518EA700357848 /* FirebaseStorageCombine-Community */ = {
			isa = XCSwiftPackageProductDependency;
			package = 7098AC832B518EA700357848 /* XCRemoteSwiftPackageReference "firebase-ios-sdk" */;
			productName = "FirebaseStorageCombine-Community";
		};
/* End XCSwiftPackageProductDependency section */
	};
	rootObject = 70ED9C582B2D2F4200F2D93B /* Project object */;
}
